
Microsoft Visual Studio Solution File, Format Version 12.00
# Visual Studio 15
VisualStudioVersion = 15.0.27130.2010
MinimumVisualStudioVersion = 10.0.40219.1
Project("{FAE04EC0-301F-11D3-BF4B-00C04F79EFBC}") = "HttpLoad", "HttpLoad\HttpLoad.csproj", "{D6D3E926-D3E9-456B-ADDA-0E6AA971BDA4}"
EndProject
Project("{FAE04EC0-301F-11D3-BF4B-00C04F79EFBC}") = "WSPreLoad", "WSPreLoad\WSPreLoad.csproj", "{BC40CF5B-CAED-4FC1-BA96-B42781FEDFDA}"
EndProject
Project("{FAE04EC0-301F-11D3-BF4B-00C04F79EFBC}") = "WebLogClear", "WebLogClear\WebLogClear.csproj", "{0E51113A-E695-4E68-B106-0CE6ED22CBA1}"
EndProject
Project("{FAE04EC0-301F-11D3-BF4B-00C04F79EFBC}") = "CodeClean", "CodeClean\CodeClean.csproj", "{4A285FC9-081E-4F42-B462-3B2D6E9E02F2}"
EndProject
Project("{FAE04EC0-301F-11D3-BF4B-00C04F79EFBC}") = "CombatResource", "CombatResource\CombatResource.csproj", "{76D05B2D-9F2B-45C5-9456-04CEEC3D598D}"
EndProject
Project("{FAE04EC0-301F-11D3-BF4B-00C04F79EFBC}") = "FileWatcher", "FileWatcher\FileWatcher.csproj", "{A665BD3A-122A-405C-8338-E24415D6197F}"
EndProject
Project("{FAE04EC0-301F-11D3-BF4B-00C04F79EFBC}") = "RenameTool", "RenameTool\RenameTool.csproj", "{A218C516-CDD9-46E9-81DB-4541AB1BBE1C}"
EndProject
Global
	GlobalSection(SolutionConfigurationPlatforms) = preSolution
		Debug|Any CPU = Debug|Any CPU
		Release|Any CPU = Release|Any CPU
	EndGlobalSection
	GlobalSection(ProjectConfigurationPlatforms) = postSolution
		{D6D3E926-D3E9-456B-ADDA-0E6AA971BDA4}.Debug|Any CPU.ActiveCfg = Debug|Any CPU
		{D6D3E926-D3E9-456B-ADDA-0E6AA971BDA4}.Debug|Any CPU.Build.0 = Debug|Any CPU
		{D6D3E926-D3E9-456B-ADDA-0E6AA971BDA4}.Release|Any CPU.ActiveCfg = Release|Any CPU
		{D6D3E926-D3E9-456B-ADDA-0E6AA971BDA4}.Release|Any CPU.Build.0 = Release|Any CPU
		{BC40CF5B-CAED-4FC1-BA96-B42781FEDFDA}.Debug|Any CPU.ActiveCfg = Debug|Any CPU
		{BC40CF5B-CAED-4FC1-BA96-B42781FEDFDA}.Debug|Any CPU.Build.0 = Debug|Any CPU
		{BC40CF5B-CAED-4FC1-BA96-B42781FEDFDA}.Release|Any CPU.ActiveCfg = Release|Any CPU
		{BC40CF5B-CAED-4FC1-BA96-B42781FEDFDA}.Release|Any CPU.Build.0 = Release|Any CPU
		{0E51113A-E695-4E68-B106-0CE6ED22CBA1}.Debug|Any CPU.ActiveCfg = Debug|Any CPU
		{0E51113A-E695-4E68-B106-0CE6ED22CBA1}.Debug|Any CPU.Build.0 = Debug|Any CPU
		{0E51113A-E695-4E68-B106-0CE6ED22CBA1}.Release|Any CPU.ActiveCfg = Release|Any CPU
		{0E51113A-E695-4E68-B106-0CE6ED22CBA1}.Release|Any CPU.Build.0 = Release|Any CPU
		{4A285FC9-081E-4F42-B462-3B2D6E9E02F2}.Debug|Any CPU.ActiveCfg = Debug|Any CPU
		{4A285FC9-081E-4F42-B462-3B2D6E9E02F2}.Debug|Any CPU.Build.0 = Debug|Any CPU
		{4A285FC9-081E-4F42-B462-3B2D6E9E02F2}.Release|Any CPU.ActiveCfg = Release|Any CPU
		{4A285FC9-081E-4F42-B462-3B2D6E9E02F2}.Release|Any CPU.Build.0 = Release|Any CPU
		{76D05B2D-9F2B-45C5-9456-04CEEC3D598D}.Debug|Any CPU.ActiveCfg = Debug|Any CPU
		{76D05B2D-9F2B-45C5-9456-04CEEC3D598D}.Debug|Any CPU.Build.0 = Debug|Any CPU
		{76D05B2D-9F2B-45C5-9456-04CEEC3D598D}.Release|Any CPU.ActiveCfg = Release|Any CPU
		{76D05B2D-9F2B-45C5-9456-04CEEC3D598D}.Release|Any CPU.Build.0 = Release|Any CPU
		{A665BD3A-122A-405C-8338-E24415D6197F}.Debug|Any CPU.ActiveCfg = Debug|Any CPU
		{A665BD3A-122A-405C-8338-E24415D6197F}.Debug|Any CPU.Build.0 = Debug|Any CPU
		{A665BD3A-122A-405C-8338-E24415D6197F}.Release|Any CPU.ActiveCfg = Release|Any CPU
		{A665BD3A-122A-405C-8338-E24415D6197F}.Release|Any CPU.Build.0 = Release|Any CPU
		{A218C516-CDD9-46E9-81DB-4541AB1BBE1C}.Debug|Any CPU.ActiveCfg = Debug|Any CPU
		{A218C516-CDD9-46E9-81DB-4541AB1BBE1C}.Debug|Any CPU.Build.0 = Debug|Any CPU
		{A218C516-CDD9-46E9-81DB-4541AB1BBE1C}.Release|Any CPU.ActiveCfg = Release|Any CPU
		{A218C516-CDD9-46E9-81DB-4541AB1BBE1C}.Release|Any CPU.Build.0 = Release|Any CPU
	EndGlobalSection
	GlobalSection(SolutionProperties) = preSolution
		HideSolutionNode = FALSE
	EndGlobalSection
	GlobalSection(ExtensibilityGlobals) = postSolution
		SolutionGuid = {CAF88ED8-2BBC-4E1C-90AD-DF9307682BBA}
	EndGlobalSection
EndGlobal
